// !$*UTF8*$!
{
	archiveVersion = 1;
	classes = {
	};
	objectVersion = 46;
	objects = {

/* Begin PBXBuildFile section */
		D8E9B2D7200D04AE00BA362E /* main.cpp in Sources */ = {isa = PBXBuildFile; fileRef = D8E9B2D6200D04AE00BA362E /* main.cpp */; };
		D8E9B2DF200D056400BA362E /* OpenGL.framework in Frameworks */ = {isa = PBXBuildFile; fileRef = D8E9B2DE200D056400BA362E /* OpenGL.framework */; };
		D8E9B2E1200D058400BA362E /* libglfw.3.2.dylib in Frameworks */ = {isa = PBXBuildFile; fileRef = D8E9B2E0200D058400BA362E /* libglfw.3.2.dylib */; };
		FA29E4D8204E77880091374C /* ShaderProgram.cpp in Sources */ = {isa = PBXBuildFile; fileRef = FA29E4D6204E77880091374C /* ShaderProgram.cpp */; };
		FA2C501C2050E0C2005F9BDF /* stb_image.cpp in Sources */ = {isa = PBXBuildFile; fileRef = FA2C501B2050E0C2005F9BDF /* stb_image.cpp */; };
		FA2C502020510F47005F9BDF /* DataSource.cpp in Sources */ = {isa = PBXBuildFile; fileRef = FA2C501E20510F47005F9BDF /* DataSource.cpp */; };
		FA31E2EC204CEFB000AF0567 /* FragmentShader.cpp in Sources */ = {isa = PBXBuildFile; fileRef = FA31E2EA204CEFB000AF0567 /* FragmentShader.cpp */; };
		FA5D8337201C5F8F009059B5 /* VertexShader.cpp in Sources */ = {isa = PBXBuildFile; fileRef = FA5D8335201C5F8F009059B5 /* VertexShader.cpp */; };
/* End PBXBuildFile section */

/* Begin PBXCopyFilesBuildPhase section */
		D8E9B2D1200D04AE00BA362E /* CopyFiles */ = {
			isa = PBXCopyFilesBuildPhase;
			buildActionMask = 2147483647;
			dstPath = /usr/share/man/man1/;
			dstSubfolderSpec = 0;
			files = (
			);
			runOnlyForDeploymentPostprocessing = 1;
		};
/* End PBXCopyFilesBuildPhase section */

/* Begin PBXFileReference section */
		D8E9B2D3200D04AE00BA362E /* openGLDemo */ = {isa = PBXFileReference; explicitFileType = "compiled.mach-o.executable"; includeInIndex = 0; path = openGLDemo; sourceTree = BUILT_PRODUCTS_DIR; };
		D8E9B2D6200D04AE00BA362E /* main.cpp */ = {isa = PBXFileReference; lastKnownFileType = sourcecode.cpp.cpp; path = main.cpp; sourceTree = "<group>"; };
		D8E9B2DE200D056400BA362E /* OpenGL.framework */ = {isa = PBXFileReference; lastKnownFileType = wrapper.framework; name = OpenGL.framework; path = System/Library/Frameworks/OpenGL.framework; sourceTree = SDKROOT; };
		D8E9B2E0200D058400BA362E /* libglfw.3.2.dylib */ = {isa = PBXFileReference; lastKnownFileType = "compiled.mach-o.dylib"; name = libglfw.3.2.dylib; path = ../../../../usr/local/Cellar/glfw/3.2.1/lib/libglfw.3.2.dylib; sourceTree = "<group>"; };
		FA29E4D6204E77880091374C /* ShaderProgram.cpp */ = {isa = PBXFileReference; lastKnownFileType = sourcecode.cpp.cpp; path = ShaderProgram.cpp; sourceTree = "<group>"; };
		FA29E4D7204E77880091374C /* ShaderProgram.hpp */ = {isa = PBXFileReference; lastKnownFileType = sourcecode.cpp.h; path = ShaderProgram.hpp; sourceTree = "<group>"; };
		FA29E4D9204E959F0091374C /* FragmentShader.frag */ = {isa = PBXFileReference; lastKnownFileType = sourcecode.glsl; path = FragmentShader.frag; sourceTree = "<group>"; };
		FA2C1C3C207F53B00069F636 /* cutepng.png */ = {isa = PBXFileReference; lastKnownFileType = image.png; path = cutepng.png; sourceTree = "<group>"; };
		FA2C1C3D207F547C0069F636 /* awesomeface.png */ = {isa = PBXFileReference; lastKnownFileType = image.png; path = awesomeface.png; sourceTree = "<group>"; };
		FA2C501A2050E096005F9BDF /* stb_image.h */ = {isa = PBXFileReference; fileEncoding = 4; lastKnownFileType = sourcecode.c.h; path = stb_image.h; sourceTree = "<group>"; };
		FA2C501B2050E0C2005F9BDF /* stb_image.cpp */ = {isa = PBXFileReference; lastKnownFileType = sourcecode.cpp.cpp; path = stb_image.cpp; sourceTree = "<group>"; };
		FA2C501D2050E16C005F9BDF /* container.jpg */ = {isa = PBXFileReference; lastKnownFileType = image.jpeg; path = container.jpg; sourceTree = "<group>"; };
		FA2C501E20510F47005F9BDF /* DataSource.cpp */ = {isa = PBXFileReference; lastKnownFileType = sourcecode.cpp.cpp; path = DataSource.cpp; sourceTree = "<group>"; };
		FA2C501F20510F47005F9BDF /* DataSource.hpp */ = {isa = PBXFileReference; lastKnownFileType = sourcecode.cpp.h; path = DataSource.hpp; sourceTree = "<group>"; };
		FA2C502220513911005F9BDF /* cute.jpg */ = {isa = PBXFileReference; lastKnownFileType = image.jpeg; path = cute.jpg; sourceTree = "<group>"; };
		FA2C5023205140B0005F9BDF /* VertextShader.vert */ = {isa = PBXFileReference; fileEncoding = 4; lastKnownFileType = sourcecode.glsl; path = VertextShader.vert; sourceTree = "<group>"; };
		FA31E2EA204CEFB000AF0567 /* FragmentShader.cpp */ = {isa = PBXFileReference; lastKnownFileType = sourcecode.cpp.cpp; path = FragmentShader.cpp; sourceTree = "<group>"; };
		FA31E2EB204CEFB000AF0567 /* FragmentShader.hpp */ = {isa = PBXFileReference; lastKnownFileType = sourcecode.cpp.h; path = FragmentShader.hpp; sourceTree = "<group>"; };
		FA5D8335201C5F8F009059B5 /* VertexShader.cpp */ = {isa = PBXFileReference; lastKnownFileType = sourcecode.cpp.cpp; path = VertexShader.cpp; sourceTree = "<group>"; };
		FA5D8336201C5F8F009059B5 /* VertexShader.hpp */ = {isa = PBXFileReference; lastKnownFileType = sourcecode.cpp.h; path = VertexShader.hpp; sourceTree = "<group>"; };
/* End PBXFileReference section */

/* Begin PBXFrameworksBuildPhase section */
		D8E9B2D0200D04AE00BA362E /* Frameworks */ = {
			isa = PBXFrameworksBuildPhase;
			buildActionMask = 2147483647;
			files = (
				D8E9B2E1200D058400BA362E /* libglfw.3.2.dylib in Frameworks */,
				D8E9B2DF200D056400BA362E /* OpenGL.framework in Frameworks */,
			);
			runOnlyForDeploymentPostprocessing = 0;
		};
/* End PBXFrameworksBuildPhase section */

/* Begin PBXGroup section */
		D8E9B2CA200D04AE00BA362E = {
			isa = PBXGroup;
			children = (
				D8E9B2D5200D04AE00BA362E /* openGLDemo */,
				D8E9B2D4200D04AE00BA362E /* Products */,
				D8E9B2DD200D056400BA362E /* Frameworks */,
			);
			sourceTree = "<group>";
		};
		D8E9B2D4200D04AE00BA362E /* Products */ = {
			isa = PBXGroup;
			children = (
				D8E9B2D3200D04AE00BA362E /* openGLDemo */,
			);
			name = Products;
			sourceTree = "<group>";
		};
		D8E9B2D5200D04AE00BA362E /* openGLDemo */ = {
			isa = PBXGroup;
			children = (
				D8E9B2D6200D04AE00BA362E /* main.cpp */,
				FA2C501A2050E096005F9BDF /* stb_image.h */,
				FA2C501B2050E0C2005F9BDF /* stb_image.cpp */,
				FA2C501F20510F47005F9BDF /* DataSource.hpp */,
				FA2C501E20510F47005F9BDF /* DataSource.cpp */,
				FA29E4D7204E77880091374C /* ShaderProgram.hpp */,
				FA29E4D6204E77880091374C /* ShaderProgram.cpp */,
				FA5D8336201C5F8F009059B5 /* VertexShader.hpp */,
				FA5D8335201C5F8F009059B5 /* VertexShader.cpp */,
				FA31E2EB204CEFB000AF0567 /* FragmentShader.hpp */,
				FA31E2EA204CEFB000AF0567 /* FragmentShader.cpp */,
				FA6AF931204D51DC008D087E /* Resources */,
			);
			path = openGLDemo;
			sourceTree = "<group>";
		};
		D8E9B2DD200D056400BA362E /* Frameworks */ = {
			isa = PBXGroup;
			children = (
				D8E9B2E0200D058400BA362E /* libglfw.3.2.dylib */,
				D8E9B2DE200D056400BA362E /* OpenGL.framework */,
			);
			name = Frameworks;
			sourceTree = "<group>";
		};
		FA6AF931204D51DC008D087E /* Resources */ = {
			isa = PBXGroup;
			children = (
				FA2C1C3C207F53B00069F636 /* cutepng.png */,
				FA2C1C3D207F547C0069F636 /* awesomeface.png */,
				FA2C502220513911005F9BDF /* cute.jpg */,
				FA2C501D2050E16C005F9BDF /* container.jpg */,
				FA2C5023205140B0005F9BDF /* VertextShader.vert */,
				FA29E4D9204E959F0091374C /* FragmentShader.frag */,
			);
			path = Resources;
			sourceTree = "<group>";
		};
/* End PBXGroup section */

/* Begin PBXNativeTarget section */
		D8E9B2D2200D04AE00BA362E /* openGLDemo */ = {
			isa = PBXNativeTarget;
			buildConfigurationList = D8E9B2DA200D04AE00BA362E /* Build configuration list for PBXNativeTarget "openGLDemo" */;
			buildPhases = (
				D8E9B2CF200D04AE00BA362E /* Sources */,
				D8E9B2D0200D04AE00BA362E /* Frameworks */,
				D8E9B2D1200D04AE00BA362E /* CopyFiles */,
			);
			buildRules = (
			);
			dependencies = (
			);
			name = openGLDemo;
			productName = openGLDemo;
			productReference = D8E9B2D3200D04AE00BA362E /* openGLDemo */;
			productType = "com.apple.product-type.tool";
		};
/* End PBXNativeTarget section */

/* Begin PBXProject section */
		D8E9B2CB200D04AE00BA362E /* Project object */ = {
			isa = PBXProject;
			attributes = {
				LastUpgradeCheck = 0820;
				ORGANIZATIONNAME = xindong;
				TargetAttributes = {
					D8E9B2D2200D04AE00BA362E = {
						CreatedOnToolsVersion = 8.2.1;
						ProvisioningStyle = Automatic;
					};
				};
			};
			buildConfigurationList = D8E9B2CE200D04AE00BA362E /* Build configuration list for PBXProject "openGLDemo" */;
			compatibilityVersion = "Xcode 3.2";
			developmentRegion = English;
			hasScannedForEncodings = 0;
			knownRegions = (
				en,
			);
			mainGroup = D8E9B2CA200D04AE00BA362E;
			productRefGroup = D8E9B2D4200D04AE00BA362E /* Products */;
			projectDirPath = "";
			projectRoot = "";
			targets = (
				D8E9B2D2200D04AE00BA362E /* openGLDemo */,
			);
		};
/* End PBXProject section */

/* Begin PBXSourcesBuildPhase section */
		D8E9B2CF200D04AE00BA362E /* Sources */ = {
			isa = PBXSourcesBuildPhase;
			buildActionMask = 2147483647;
			files = (
				FA2C502020510F47005F9BDF /* DataSource.cpp in Sources */,
				FA5D8337201C5F8F009059B5 /* VertexShader.cpp in Sources */,
				FA29E4D8204E77880091374C /* ShaderProgram.cpp in Sources */,
				FA2C501C2050E0C2005F9BDF /* stb_image.cpp in Sources */,
				D8E9B2D7200D04AE00BA362E /* main.cpp in Sources */,
				FA31E2EC204CEFB000AF0567 /* FragmentShader.cpp in Sources */,
			);
			runOnlyForDeploymentPostprocessing = 0;
		};
/* End PBXSourcesBuildPhase section */

/* Begin XCBuildConfiguration section */
		D8E9B2D8200D04AE00BA362E /* Debug */ = {
			isa = XCBuildConfiguration;
			buildSettings = {
				ALWAYS_SEARCH_USER_PATHS = NO;
				CLANG_ANALYZER_NONNULL = YES;
				CLANG_CXX_LANGUAGE_STANDARD = "gnu++0x";
				CLANG_CXX_LIBRARY = "libc++";
				CLANG_ENABLE_MODULES = YES;
				CLANG_ENABLE_OBJC_ARC = YES;
				CLANG_WARN_BOOL_CONVERSION = YES;
				CLANG_WARN_CONSTANT_CONVERSION = YES;
				CLANG_WARN_DIRECT_OBJC_ISA_USAGE = YES_ERROR;
				CLANG_WARN_DOCUMENTATION_COMMENTS = YES;
				CLANG_WARN_EMPTY_BODY = YES;
				CLANG_WARN_ENUM_CONVERSION = YES;
				CLANG_WARN_INFINITE_RECURSION = YES;
				CLANG_WARN_INT_CONVERSION = YES;
				CLANG_WARN_OBJC_ROOT_CLASS = YES_ERROR;
				CLANG_WARN_SUSPICIOUS_MOVE = YES;
				CLANG_WARN_UNREACHABLE_CODE = YES;
				CLANG_WARN__DUPLICATE_METHOD_MATCH = YES;
				CODE_SIGN_IDENTITY = "-";
				COPY_PHASE_STRIP = NO;
				DEBUG_INFORMATION_FORMAT = dwarf;
				ENABLE_STRICT_OBJC_MSGSEND = YES;
				ENABLE_TESTABILITY = YES;
				GCC_C_LANGUAGE_STANDARD = gnu99;
				GCC_DYNAMIC_NO_PIC = NO;
				GCC_NO_COMMON_BLOCKS = YES;
				GCC_OPTIMIZATION_LEVEL = 0;
				GCC_PREPROCESSOR_DEFINITIONS = (
					"DEBUG=1",
					"$(inherited)",
				);
				GCC_WARN_64_TO_32_BIT_CONVERSION = YES;
				GCC_WARN_ABOUT_RETURN_TYPE = YES_ERROR;
				GCC_WARN_UNDECLARED_SELECTOR = YES;
				GCC_WARN_UNINITIALIZED_AUTOS = YES_AGGRESSIVE;
				GCC_WARN_UNUSED_FUNCTION = YES;
				GCC_WARN_UNUSED_VARIABLE = YES;
				MACOSX_DEPLOYMENT_TARGET = 10.11;
				MTL_ENABLE_DEBUG_INFO = YES;
				ONLY_ACTIVE_ARCH = YES;
				SDKROOT = macosx;
			};
			name = Debug;
		};
		D8E9B2D9200D04AE00BA362E /* Release */ = {
			isa = XCBuildConfiguration;
			buildSettings = {
				ALWAYS_SEARCH_USER_PATHS = NO;
				CLANG_ANALYZER_NONNULL = YES;
				CLANG_CXX_LANGUAGE_STANDARD = "gnu++0x";
				CLANG_CXX_LIBRARY = "libc++";
				CLANG_ENABLE_MODULES = YES;
				CLANG_ENABLE_OBJC_ARC = YES;
				CLANG_WARN_BOOL_CONVERSION = YES;
				CLANG_WARN_CONSTANT_CONVERSION = YES;
				CLANG_WARN_DIRECT_OBJC_ISA_USAGE = YES_ERROR;
				CLANG_WARN_DOCUMENTATION_COMMENTS = YES;
				CLANG_WARN_EMPTY_BODY = YES;
				CLANG_WARN_ENUM_CONVERSION = YES;
				CLANG_WARN_INFINITE_RECURSION = YES;
				CLANG_WARN_INT_CONVERSION = YES;
				CLANG_WARN_OBJC_ROOT_CLASS = YES_ERROR;
				CLANG_WARN_SUSPICIOUS_MOVE = YES;
				CLANG_WARN_UNREACHABLE_CODE = YES;
				CLANG_WARN__DUPLICATE_METHOD_MATCH = YES;
				CODE_SIGN_IDENTITY = "-";
				COPY_PHASE_STRIP = NO;
				DEBUG_INFORMATION_FORMAT = "dwarf-with-dsym";
				ENABLE_NS_ASSERTIONS = NO;
				ENABLE_STRICT_OBJC_MSGSEND = YES;
				GCC_C_LANGUAGE_STANDARD = gnu99;
				GCC_NO_COMMON_BLOCKS = YES;
				GCC_WARN_64_TO_32_BIT_CONVERSION = YES;
				GCC_WARN_ABOUT_RETURN_TYPE = YES_ERROR;
				GCC_WARN_UNDECLARED_SELECTOR = YES;
				GCC_WARN_UNINITIALIZED_AUTOS = YES_AGGRESSIVE;
				GCC_WARN_UNUSED_FUNCTION = YES;
				GCC_WARN_UNUSED_VARIABLE = YES;
				MACOSX_DEPLOYMENT_TARGET = 10.11;
				MTL_ENABLE_DEBUG_INFO = NO;
				SDKROOT = macosx;
			};
			name = Release;
		};
		D8E9B2DB200D04AE00BA362E /* Debug */ = {
			isa = XCBuildConfiguration;
			buildSettings = {
				CLANG_WARN_DOCUMENTATION_COMMENTS = NO;
				HEADER_SEARCH_PATHS = (
					/usr/local/Cellar/glfw/3.2.1/include/GLFW,
					/usr/local/Cellar/glew/2.1.0/include/GL,
				);
				LIBRARY_SEARCH_PATHS = (
					/usr/local/Cellar/glfw/3.2.1/lib,
					/usr/local/Cellar/glew/2.1.0/lib,
				);
				OTHER_LDFLAGS = "-lGLEW";
				PRODUCT_NAME = "$(TARGET_NAME)";
			};
			name = Debug;
		};
		D8E9B2DC200D04AE00BA362E /* Release */ = {
			isa = XCBuildConfiguration;
			buildSettings = {
				CLANG_WARN_DOCUMENTATION_COMMENTS = NO;
				HEADER_SEARCH_PATHS = (
					/usr/local/Cellar/glfw/3.2.1/include/GLFW,
					/usr/local/Cellar/glew/2.1.0/include/GL,
				);
				LIBRARY_SEARCH_PATHS = (
					/usr/local/Cellar/glfw/3.2.1/lib,
					/usr/local/Cellar/glew/2.1.0/lib,
				);
				OTHER_LDFLAGS = "-lGLEW";
				PRODUCT_NAME = "$(TARGET_NAME)";
			};
			name = Release;
		};
/* End XCBuildConfiguration section */

/* Begin XCConfigurationList section */
		D8E9B2CE200D04AE00BA362E /* Build configuration list for PBXProject "openGLDemo" */ = {
			isa = XCConfigurationList;
			buildConfigurations = (
				D8E9B2D8200D04AE00BA362E /* Debug */,
				D8E9B2D9200D04AE00BA362E /* Release */,
			);
			defaultConfigurationIsVisible = 0;
			defaultConfigurationName = Release;
		};
		D8E9B2DA200D04AE00BA362E /* Build configuration list for PBXNativeTarget "openGLDemo" */ = {
			isa = XCConfigurationList;
			buildConfigurations = (
				D8E9B2DB200D04AE00BA362E /* Debug */,
				D8E9B2DC200D04AE00BA362E /* Release */,
			);
			defaultConfigurationIsVisible = 0;
			defaultConfigurationName = Release;
		};
/* End XCConfigurationList section */
	};
	rootObject = D8E9B2CB200D04AE00BA362E /* Project object */;
}
